
Microsoft Visual Studio Solution File, Format Version 12.00
# Visual Studio 15
VisualStudioVersion = 15.0.28307.489
MinimumVisualStudioVersion = 10.0.40219.1
Project("{FAE04EC0-301F-11D3-BF4B-00C04F79EFBC}") = "WpfLoginScreen", "WpfLoginScreen\WpfLoginScreen.csproj", "{B20E0C07-DCFB-4035-9D11-7CC10C06AC1E}"
EndProject
Project("{54435603-DBB4-11D2-8724-00A0C9A8B90C}") = "DetailsPerson", "DetailsPerson\DetailsPerson.vdproj", "{9998C81A-9215-4426-8207-CF4B55D677A3}"
EndProject
Global
	GlobalSection(SolutionConfigurationPlatforms) = preSolution
		Debug|Any CPU = Debug|Any CPU
		Release|Any CPU = Release|Any CPU
	EndGlobalSection
	GlobalSection(ProjectConfigurationPlatforms) = postSolution
		{B20E0C07-DCFB-4035-9D11-7CC10C06AC1E}.Debug|Any CPU.ActiveCfg = Debug|Any CPU
		{B20E0C07-DCFB-4035-9D11-7CC10C06AC1E}.Debug|Any CPU.Build.0 = Debug|Any CPU
		{B20E0C07-DCFB-4035-9D11-7CC10C06AC1E}.Release|Any CPU.ActiveCfg = Release|Any CPU
		{B20E0C07-DCFB-4035-9D11-7CC10C06AC1E}.Release|Any CPU.Build.0 = Release|Any CPU
		{9998C81A-9215-4426-8207-CF4B55D677A3}.Debug|Any CPU.ActiveCfg = Debug
		{9998C81A-9215-4426-8207-CF4B55D677A3}.Release|Any CPU.ActiveCfg = Release
	EndGlobalSection
	GlobalSection(SolutionProperties) = preSolution
		HideSolutionNode = FALSE
	EndGlobalSection
	GlobalSection(ExtensibilityGlobals) = postSolution
		SolutionGuid = {E82953C6-CE2A-4A48-A750-1EFD16B06F7E}
	EndGlobalSection
EndGlobal
